
Microsoft Visual Studio Solution File, Format Version 12.00
# Visual Studio Version 16
VisualStudioVersion = 16.0.32630.194
MinimumVisualStudioVersion = 10.0.40219.1
Project("{FAE04EC0-301F-11D3-BF4B-00C04F79EFBC}") = "LeetCode_0452", "LeetCode_0452\LeetCode_0452.csproj", "{D2EBB5FB-4AE9-4FFC-BB29-D0466E097211}"
EndProject
Global
	GlobalSection(SolutionConfigurationPlatforms) = preSolution
		Debug|Any CPU = Debug|Any CPU
		Release|Any CPU = Release|Any CPU
	EndGlobalSection
	GlobalSection(ProjectConfigurationPlatforms) = postSolution
		{D2EBB5FB-4AE9-4FFC-BB29-D0466E097211}.Debug|Any CPU.ActiveCfg = Debug|Any CPU
		{D2EBB5FB-4AE9-4FFC-BB29-D0466E097211}.Debug|Any CPU.Build.0 = Debug|Any CPU
		{D2EBB5FB-4AE9-4FFC-BB29-D0466E097211}.Release|Any CPU.ActiveCfg = Release|Any CPU
		{D2EBB5FB-4AE9-4FFC-BB29-D0466E097211}.Release|Any CPU.Build.0 = Release|Any CPU
	EndGlobalSection
	GlobalSection(SolutionProperties) = preSolution
		HideSolutionNode = FALSE
	EndGlobalSection
	GlobalSection(ExtensibilityGlobals) = postSolution
		SolutionGuid = {2098BF0F-B8F6-45F8-B825-2169AD83EBA7}
	EndGlobalSection
EndGlobal
