
Microsoft Visual Studio Solution File, Format Version 12.00
# Visual Studio Version 16
VisualStudioVersion = 16.0.32630.194
MinimumVisualStudioVersion = 10.0.40219.1
Project("{FAE04EC0-301F-11D3-BF4B-00C04F79EFBC}") = "LeetCode_0435", "LeetCode_0435\LeetCode_0435.csproj", "{E21E7EF5-BC8B-404C-A657-96D8AF9E0F92}"
EndProject
Global
	GlobalSection(SolutionConfigurationPlatforms) = preSolution
		Debug|Any CPU = Debug|Any CPU
		Release|Any CPU = Release|Any CPU
	EndGlobalSection
	GlobalSection(ProjectConfigurationPlatforms) = postSolution
		{E21E7EF5-BC8B-404C-A657-96D8AF9E0F92}.Debug|Any CPU.ActiveCfg = Debug|Any CPU
		{E21E7EF5-BC8B-404C-A657-96D8AF9E0F92}.Debug|Any CPU.Build.0 = Debug|Any CPU
		{E21E7EF5-BC8B-404C-A657-96D8AF9E0F92}.Release|Any CPU.ActiveCfg = Release|Any CPU
		{E21E7EF5-BC8B-404C-A657-96D8AF9E0F92}.Release|Any CPU.Build.0 = Release|Any CPU
	EndGlobalSection
	GlobalSection(SolutionProperties) = preSolution
		HideSolutionNode = FALSE
	EndGlobalSection
	GlobalSection(ExtensibilityGlobals) = postSolution
		SolutionGuid = {01FED3C3-EDDC-4EB1-9A8A-97AE95DA7691}
	EndGlobalSection
EndGlobal
