
Microsoft Visual Studio Solution File, Format Version 12.00
# Visual Studio Version 16
VisualStudioVersion = 16.0.32630.194
MinimumVisualStudioVersion = 10.0.40219.1
Project("{FAE04EC0-301F-11D3-BF4B-00C04F79EFBC}") = "LeetCode_0027", "LeetCode_0027\LeetCode_0027.csproj", "{FA0F93B9-6509-41AA-AF79-A8CEDFC7D020}"
EndProject
Global
	GlobalSection(SolutionConfigurationPlatforms) = preSolution
		Debug|Any CPU = Debug|Any CPU
		Release|Any CPU = Release|Any CPU
	EndGlobalSection
	GlobalSection(ProjectConfigurationPlatforms) = postSolution
		{FA0F93B9-6509-41AA-AF79-A8CEDFC7D020}.Debug|Any CPU.ActiveCfg = Debug|Any CPU
		{FA0F93B9-6509-41AA-AF79-A8CEDFC7D020}.Debug|Any CPU.Build.0 = Debug|Any CPU
		{FA0F93B9-6509-41AA-AF79-A8CEDFC7D020}.Release|Any CPU.ActiveCfg = Release|Any CPU
		{FA0F93B9-6509-41AA-AF79-A8CEDFC7D020}.Release|Any CPU.Build.0 = Release|Any CPU
	EndGlobalSection
	GlobalSection(SolutionProperties) = preSolution
		HideSolutionNode = FALSE
	EndGlobalSection
	GlobalSection(ExtensibilityGlobals) = postSolution
		SolutionGuid = {874A0D07-CFF2-4707-B9B6-2D8C98574455}
	EndGlobalSection
EndGlobal
