
Microsoft Visual Studio Solution File, Format Version 12.00
# Visual Studio Version 16
VisualStudioVersion = 16.0.32630.194
MinimumVisualStudioVersion = 10.0.40219.1
Project("{FAE04EC0-301F-11D3-BF4B-00C04F79EFBC}") = "LeetCode_0412", "LeetCode_0412\LeetCode_0412.csproj", "{45E75E53-62E8-47F0-BAB6-753D6603581C}"
EndProject
Global
	GlobalSection(SolutionConfigurationPlatforms) = preSolution
		Debug|Any CPU = Debug|Any CPU
		Release|Any CPU = Release|Any CPU
	EndGlobalSection
	GlobalSection(ProjectConfigurationPlatforms) = postSolution
		{45E75E53-62E8-47F0-BAB6-753D6603581C}.Debug|Any CPU.ActiveCfg = Debug|Any CPU
		{45E75E53-62E8-47F0-BAB6-753D6603581C}.Debug|Any CPU.Build.0 = Debug|Any CPU
		{45E75E53-62E8-47F0-BAB6-753D6603581C}.Release|Any CPU.ActiveCfg = Release|Any CPU
		{45E75E53-62E8-47F0-BAB6-753D6603581C}.Release|Any CPU.Build.0 = Release|Any CPU
	EndGlobalSection
	GlobalSection(SolutionProperties) = preSolution
		HideSolutionNode = FALSE
	EndGlobalSection
	GlobalSection(ExtensibilityGlobals) = postSolution
		SolutionGuid = {630843F7-B610-42BC-858C-447802AD9C7B}
	EndGlobalSection
EndGlobal
