
Microsoft Visual Studio Solution File, Format Version 12.00
# Visual Studio Version 16
VisualStudioVersion = 16.0.32630.194
MinimumVisualStudioVersion = 10.0.40219.1
Project("{FAE04EC0-301F-11D3-BF4B-00C04F79EFBC}") = "LeetCode_0069", "LeetCode_0069\LeetCode_0069.csproj", "{C4C32BCF-BB5A-4277-8085-F5DF9CB8DEC0}"
EndProject
Global
	GlobalSection(SolutionConfigurationPlatforms) = preSolution
		Debug|Any CPU = Debug|Any CPU
		Release|Any CPU = Release|Any CPU
	EndGlobalSection
	GlobalSection(ProjectConfigurationPlatforms) = postSolution
		{C4C32BCF-BB5A-4277-8085-F5DF9CB8DEC0}.Debug|Any CPU.ActiveCfg = Debug|Any CPU
		{C4C32BCF-BB5A-4277-8085-F5DF9CB8DEC0}.Debug|Any CPU.Build.0 = Debug|Any CPU
		{C4C32BCF-BB5A-4277-8085-F5DF9CB8DEC0}.Release|Any CPU.ActiveCfg = Release|Any CPU
		{C4C32BCF-BB5A-4277-8085-F5DF9CB8DEC0}.Release|Any CPU.Build.0 = Release|Any CPU
	EndGlobalSection
	GlobalSection(SolutionProperties) = preSolution
		HideSolutionNode = FALSE
	EndGlobalSection
	GlobalSection(ExtensibilityGlobals) = postSolution
		SolutionGuid = {9E187C67-404A-4ABB-A578-23D77309DE88}
	EndGlobalSection
EndGlobal
